
Microsoft Visual Studio Solution File, Format Version 12.00
# Visual Studio 15
VisualStudioVersion = 15.0.26730.15
MinimumVisualStudioVersion = 10.0.40219.1
Project("{FAE04EC0-301F-11D3-BF4B-00C04F79EFBC}") = "ConsoleApp2", "ConsoleApp2\ConsoleApp2.csproj", "{357467DF-55A9-4547-8BC0-9453B49D2552}"
EndProject
Project("{FAE04EC0-301F-11D3-BF4B-00C04F79EFBC}") = "ClassLibrary1", "ClassLibrary1\ClassLibrary1.csproj", "{14A13B5D-987B-43AC-A771-686BE57CD914}"
EndProject
Global
	GlobalSection(SolutionConfigurationPlatforms) = preSolution
		Debug|Any CPU = Debug|Any CPU
		Release|Any CPU = Release|Any CPU
	EndGlobalSection
	GlobalSection(ProjectConfigurationPlatforms) = postSolution
		{357467DF-55A9-4547-8BC0-9453B49D2552}.Debug|Any CPU.ActiveCfg = Debug|Any CPU
		{357467DF-55A9-4547-8BC0-9453B49D2552}.Debug|Any CPU.Build.0 = Debug|Any CPU
		{357467DF-55A9-4547-8BC0-9453B49D2552}.Release|Any CPU.ActiveCfg = Release|Any CPU
		{357467DF-55A9-4547-8BC0-9453B49D2552}.Release|Any CPU.Build.0 = Release|Any CPU
		{14A13B5D-987B-43AC-A771-686BE57CD914}.Debug|Any CPU.ActiveCfg = Debug|Any CPU
		{14A13B5D-987B-43AC-A771-686BE57CD914}.Debug|Any CPU.Build.0 = Debug|Any CPU
		{14A13B5D-987B-43AC-A771-686BE57CD914}.Release|Any CPU.ActiveCfg = Release|Any CPU
		{14A13B5D-987B-43AC-A771-686BE57CD914}.Release|Any CPU.Build.0 = Release|Any CPU
	EndGlobalSection
	GlobalSection(SolutionProperties) = preSolution
		HideSolutionNode = FALSE
	EndGlobalSection
	GlobalSection(ExtensibilityGlobals) = postSolution
		SolutionGuid = {F06705DF-0887-4001-B630-85E3EBBE1DBD}
	EndGlobalSection
EndGlobal
